{
    "hash": "7d02b3f2f4c593e5752fb5a3bb083ba0",
    "packages": [
        {
            "package": "twig\/twig",
            "version": "1.7.0-dev"
        },
        {
            "package": "symfony\/yaml",
            "version": "2.1.0-dev"
        },
        {
            "package": "symfony\/class-loader",
            "version": "2.1.0-dev"
        },
        {
            "package": "symfony\/config",
            "version": "2.1.0-dev"
        },
        {
            "package": "symfony\/dependency-injection",
            "version": "2.1.0-dev"
        }
    ]
}